
Microsoft Visual Studio Solution File, Format Version 12.00
# Visual Studio Version 17
VisualStudioVersion = 17.8.34316.72
MinimumVisualStudioVersion = 10.0.40219.1
Project("{FAE04EC0-301F-11D3-BF4B-00C04F79EFBC}") = "baithi", "baithi\baithi.csproj", "{4F4AA7CA-DB51-4F15-AECB-43FF92C7BD94}"
EndProject
Global
	GlobalSection(SolutionConfigurationPlatforms) = preSolution
		Debug|Any CPU = Debug|Any CPU
		Release|Any CPU = Release|Any CPU
	EndGlobalSection
	GlobalSection(ProjectConfigurationPlatforms) = postSolution
		{4F4AA7CA-DB51-4F15-AECB-43FF92C7BD94}.Debug|Any CPU.ActiveCfg = Debug|Any CPU
		{4F4AA7CA-DB51-4F15-AECB-43FF92C7BD94}.Debug|Any CPU.Build.0 = Debug|Any CPU
		{4F4AA7CA-DB51-4F15-AECB-43FF92C7BD94}.Release|Any CPU.ActiveCfg = Release|Any CPU
		{4F4AA7CA-DB51-4F15-AECB-43FF92C7BD94}.Release|Any CPU.Build.0 = Release|Any CPU
	EndGlobalSection
	GlobalSection(SolutionProperties) = preSolution
		HideSolutionNode = FALSE
	EndGlobalSection
	GlobalSection(ExtensibilityGlobals) = postSolution
		SolutionGuid = {4A9CA3CA-87EA-4E3E-BD09-CE92209268B6}
	EndGlobalSection
EndGlobal
